// !$*UTF8*$!
{
	archiveVersion = 1;
	classes = {
	};
	objectVersion = 46;
	objects = {

/* Begin PBXBuildFile section */
		14681FE21BEE792400E6FB8B /* AppDelegate.swift in Sources */ = {isa = PBXBuildFile; fileRef = 14681FE11BEE792400E6FB8B /* AppDelegate.swift */; };
		14681FE41BEE792500E6FB8B /* ViewController.swift in Sources */ = {isa = PBXBuildFile; fileRef = 14681FE31BEE792500E6FB8B /* ViewController.swift */; };
		14681FE71BEE792500E6FB8B /* Main.storyboard in Resources */ = {isa = PBXBuildFile; fileRef = 14681FE51BEE792500E6FB8B /* Main.storyboard */; };
		14681FE91BEE792500E6FB8B /* Assets.xcassets in Resources */ = {isa = PBXBuildFile; fileRef = 14681FE81BEE792500E6FB8B /* Assets.xcassets */; };
		14681FEC1BEE792500E6FB8B /* LaunchScreen.storyboard in Resources */ = {isa = PBXBuildFile; fileRef = 14681FEA1BEE792500E6FB8B /* LaunchScreen.storyboard */; };
/* End PBXBuildFile section */

/* Begin PBXFileReference section */
		14681FDE1BEE792400E6FB8B /* trashTalk.app */ = {isa = PBXFileReference; explicitFileType = wrapper.application; includeInIndex = 0; path = trashTalk.app; sourceTree = BUILT_PRODUCTS_DIR; };
		14681FE11BEE792400E6FB8B /* AppDelegate.swift */ = {isa = PBXFileReference; lastKnownFileType = sourcecode.swift; path = AppDelegate.swift; sourceTree = "<group>"; };
		14681FE31BEE792500E6FB8B /* ViewController.swift */ = {isa = PBXFileReference; lastKnownFileType = sourcecode.swift; path = ViewController.swift; sourceTree = "<group>"; };
		14681FE61BEE792500E6FB8B /* Base */ = {isa = PBXFileReference; lastKnownFileType = file.storyboard; name = Base; path = Base.lproj/Main.storyboard; sourceTree = "<group>"; };
		14681FE81BEE792500E6FB8B /* Assets.xcassets */ = {isa = PBXFileReference; lastKnownFileType = folder.assetcatalog; path = Assets.xcassets; sourceTree = "<group>"; };
		14681FEB1BEE792500E6FB8B /* Base */ = {isa = PBXFileReference; lastKnownFileType = file.storyboard; name = Base; path = Base.lproj/LaunchScreen.storyboard; sourceTree = "<group>"; };
		14681FED1BEE792500E6FB8B /* Info.plist */ = {isa = PBXFileReference; lastKnownFileType = text.plist.xml; path = Info.plist; sourceTree = "<group>"; };
/* End PBXFileReference section */

/* Begin PBXFrameworksBuildPhase section */
		14681FDB1BEE792400E6FB8B /* Frameworks */ = {
			isa = PBXFrameworksBuildPhase;
			buildActionMask = 2147483647;
			files = (
			);
			runOnlyForDeploymentPostprocessing = 0;
		};
/* End PBXFrameworksBuildPhase section */

/* Begin PBXGroup section */
		14681FD51BEE792400E6FB8B = {
			isa = PBXGroup;
			children = (
				14681FE01BEE792400E6FB8B /* trashTalk */,
				14681FDF1BEE792400E6FB8B /* Products */,
			);
			sourceTree = "<group>";
		};
		14681FDF1BEE792400E6FB8B /* Products */ = {
			isa = PBXGroup;
			children = (
				14681FDE1BEE792400E6FB8B /* trashTalk.app */,
			);
			name = Products;
			sourceTree = "<group>";
		};
		14681FE01BEE792400E6FB8B /* trashTalk */ = {
			isa = PBXGroup;
			children = (
				14681FE11BEE792400E6FB8B /* AppDelegate.swift */,
				14681FE31BEE792500E6FB8B /* ViewController.swift */,
				14681FE51BEE792500E6FB8B /* Main.storyboard */,
				14681FE81BEE792500E6FB8B /* Assets.xcassets */,
				14681FEA1BEE792500E6FB8B /* LaunchScreen.storyboard */,
				14681FED1BEE792500E6FB8B /* Info.plist */,
			);
			path = trashTalk;
			sourceTree = "<group>";
		};
/* End PBXGroup section */

/* Begin PBXNativeTarget section */
		14681FDD1BEE792400E6FB8B /* trashTalk */ = {
			isa = PBXNativeTarget;
			buildConfigurationList = 14681FF01BEE792500E6FB8B /* Build configuration list for PBXNativeTarget "trashTalk" */;
			buildPhases = (
				14681FDA1BEE792400E6FB8B /* Sources */,
				14681FDB1BEE792400E6FB8B /* Frameworks */,
				14681FDC1BEE792400E6FB8B /* Resources */,
			);
			buildRules = (
			);
			dependencies = (
			);
			name = trashTalk;
			productName = trashTalk;
			productReference = 14681FDE1BEE792400E6FB8B /* trashTalk.app */;
			productType = "com.apple.product-type.application";
		};
/* End PBXNativeTarget section */

/* Begin PBXProject section */
		14681FD61BEE792400E6FB8B /* Project object */ = {
			isa = PBXProject;
			attributes = {
				LastSwiftUpdateCheck = 0710;
				LastUpgradeCheck = 0710;
				ORGANIZATIONNAME = "Wendy Lau";
				TargetAttributes = {
					14681FDD1BEE792400E6FB8B = {
						CreatedOnToolsVersion = 7.1;
					};
				};
			};
			buildConfigurationList = 14681FD91BEE792400E6FB8B /* Build configuration list for PBXProject "trashTalk" */;
			compatibilityVersion = "Xcode 3.2";
			developmentRegion = English;
			hasScannedForEncodings = 0;
			knownRegions = (
				en,
				Base,
			);
			mainGroup = 14681FD51BEE792400E6FB8B;
			productRefGroup = 14681FDF1BEE792400E6FB8B /* Products */;
			projectDirPath = "";
			projectRoot = "";
			targets = (
				14681FDD1BEE792400E6FB8B /* trashTalk */,
			);
		};
/* End PBXProject section */

/* Begin PBXResourcesBuildPhase section */
		14681FDC1BEE792400E6FB8B /* Resources */ = {
			isa = PBXResourcesBuildPhase;
			buildActionMask = 2147483647;
			files = (
				14681FEC1BEE792500E6FB8B /* LaunchScreen.storyboard in Resources */,
				14681FE91BEE792500E6FB8B /* Assets.xcassets in Resources */,
				14681FE71BEE792500E6FB8B /* Main.storyboard in Resources */,
			);
			runOnlyForDeploymentPostprocessing = 0;
		};
/* End PBXResourcesBuildPhase section */

/* Begin PBXSourcesBuildPhase section */
		14681FDA1BEE792400E6FB8B /* Sources */ = {
			isa = PBXSourcesBuildPhase;
			buildActionMask = 2147483647;
			files = (
				14681FE41BEE792500E6FB8B /* ViewController.swift in Sources */,
				14681FE21BEE792400E6FB8B /* AppDelegate.swift in Sources */,
			);
			runOnlyForDeploymentPostprocessing = 0;
		};
/* End PBXSourcesBuildPhase section */

/* Begin PBXVariantGroup section */
		14681FE51BEE792500E6FB8B /* Main.storyboard */ = {
			isa = PBXVariantGroup;
			children = (
				14681FE61BEE792500E6FB8B /* Base */,
			);
			name = Main.storyboard;
			sourceTree = "<group>";
		};
		14681FEA1BEE792500E6FB8B /* LaunchScreen.storyboard */ = {
			isa = PBXVariantGroup;
			children = (
				14681FEB1BEE792500E6FB8B /* Base */,
			);
			name = LaunchScreen.storyboard;
			sourceTree = "<group>";
		};
/* End PBXVariantGroup section */

/* Begin XCBuildConfiguration section */
		14681FEE1BEE792500E6FB8B /* Debug */ = {
			isa = XCBuildConfiguration;
			buildSettings = {
				ALWAYS_SEARCH_USER_PATHS = NO;
				CLANG_CXX_LANGUAGE_STANDARD = "gnu++0x";
				CLANG_CXX_LIBRARY = "libc++";
				CLANG_ENABLE_MODULES = YES;
				CLANG_ENABLE_OBJC_ARC = YES;
				CLANG_WARN_BOOL_CONVERSION = YES;
				CLANG_WARN_CONSTANT_CONVERSION = YES;
				CLANG_WARN_DIRECT_OBJC_ISA_USAGE = YES_ERROR;
				CLANG_WARN_EMPTY_BODY = YES;
				CLANG_WARN_ENUM_CONVERSION = YES;
				CLANG_WARN_INT_CONVERSION = YES;
				CLANG_WARN_OBJC_ROOT_CLASS = YES_ERROR;
				CLANG_WARN_UNREACHABLE_CODE = YES;
				CLANG_WARN__DUPLICATE_METHOD_MATCH = YES;
				"CODE_SIGN_IDENTITY[sdk=iphoneos*]" = "iPhone Developer";
				COPY_PHASE_STRIP = NO;
				DEBUG_INFORMATION_FORMAT = dwarf;
				ENABLE_STRICT_OBJC_MSGSEND = YES;
				ENABLE_TESTABILITY = YES;
				GCC_C_LANGUAGE_STANDARD = gnu99;
				GCC_DYNAMIC_NO_PIC = NO;
				GCC_NO_COMMON_BLOCKS = YES;
				GCC_OPTIMIZATION_LEVEL = 0;
				GCC_PREPROCESSOR_DEFINITIONS = (
					"DEBUG=1",
					"$(inherited)",
				);
				GCC_WARN_64_TO_32_BIT_CONVERSION = YES;
				GCC_WARN_ABOUT_RETURN_TYPE = YES_ERROR;
				GCC_WARN_UNDECLARED_SELECTOR = YES;
				GCC_WARN_UNINITIALIZED_AUTOS = YES_AGGRESSIVE;
				GCC_WARN_UNUSED_FUNCTION = YES;
				GCC_WARN_UNUSED_VARIABLE = YES;
				IPHONEOS_DEPLOYMENT_TARGET = 9.1;
				MTL_ENABLE_DEBUG_INFO = YES;
				ONLY_ACTIVE_ARCH = YES;
				SDKROOT = iphoneos;
				SWIFT_OPTIMIZATION_LEVEL = "-Onone";
				TARGETED_DEVICE_FAMILY = "1,2";
			};
			name = Debug;
		};
		14681FEF1BEE792500E6FB8B /* Release */ = {
			isa = XCBuildConfiguration;
			buildSettings = {
				ALWAYS_SEARCH_USER_PATHS = NO;
				CLANG_CXX_LANGUAGE_STANDARD = "gnu++0x";
				CLANG_CXX_LIBRARY = "libc++";
				CLANG_ENABLE_MODULES = YES;
				CLANG_ENABLE_OBJC_ARC = YES;
				CLANG_WARN_BOOL_CONVERSION = YES;
				CLANG_WARN_CONSTANT_CONVERSION = YES;
				CLANG_WARN_DIRECT_OBJC_ISA_USAGE = YES_ERROR;
				CLANG_WARN_EMPTY_BODY = YES;
				CLANG_WARN_ENUM_CONVERSION = YES;
				CLANG_WARN_INT_CONVERSION = YES;
				CLANG_WARN_OBJC_ROOT_CLASS = YES_ERROR;
				CLANG_WARN_UNREACHABLE_CODE = YES;
				CLANG_WARN__DUPLICATE_METHOD_MATCH = YES;
				"CODE_SIGN_IDENTITY[sdk=iphoneos*]" = "iPhone Developer";
				COPY_PHASE_STRIP = NO;
				DEBUG_INFORMATION_FORMAT = "dwarf-with-dsym";
				ENABLE_NS_ASSERTIONS = NO;
				ENABLE_STRICT_OBJC_MSGSEND = YES;
				GCC_C_LANGUAGE_STANDARD = gnu99;
				GCC_NO_COMMON_BLOCKS = YES;
				GCC_WARN_64_TO_32_BIT_CONVERSION = YES;
				GCC_WARN_ABOUT_RETURN_TYPE = YES_ERROR;
				GCC_WARN_UNDECLARED_SELECTOR = YES;
				GCC_WARN_UNINITIALIZED_AUTOS = YES_AGGRESSIVE;
				GCC_WARN_UNUSED_FUNCTION = YES;
				GCC_WARN_UNUSED_VARIABLE = YES;
				IPHONEOS_DEPLOYMENT_TARGET = 9.1;
				MTL_ENABLE_DEBUG_INFO = NO;
				SDKROOT = iphoneos;
				TARGETED_DEVICE_FAMILY = "1,2";
				VALIDATE_PRODUCT = YES;
			};
			name = Release;
		};
		14681FF11BEE792500E6FB8B /* Debug */ = {
			isa = XCBuildConfiguration;
			buildSettings = {
				ASSETCATALOG_COMPILER_APPICON_NAME = AppIcon;
				INFOPLIST_FILE = trashTalk/Info.plist;
				LD_RUNPATH_SEARCH_PATHS = "$(inherited) @executable_path/Frameworks";
				PRODUCT_BUNDLE_IDENTIFIER = edu.duke.wendylau.trashTalk;
				PRODUCT_NAME = "$(TARGET_NAME)";
			};
			name = Debug;
		};
		14681FF21BEE792500E6FB8B /* Release */ = {
			isa = XCBuildConfiguration;
			buildSettings = {
				ASSETCATALOG_COMPILER_APPICON_NAME = AppIcon;
				INFOPLIST_FILE = trashTalk/Info.plist;
				LD_RUNPATH_SEARCH_PATHS = "$(inherited) @executable_path/Frameworks";
				PRODUCT_BUNDLE_IDENTIFIER = edu.duke.wendylau.trashTalk;
				PRODUCT_NAME = "$(TARGET_NAME)";
			};
			name = Release;
		};
/* End XCBuildConfiguration section */

/* Begin XCConfigurationList section */
		14681FD91BEE792400E6FB8B /* Build configuration list for PBXProject "trashTalk" */ = {
			isa = XCConfigurationList;
			buildConfigurations = (
				14681FEE1BEE792500E6FB8B /* Debug */,
				14681FEF1BEE792500E6FB8B /* Release */,
			);
			defaultConfigurationIsVisible = 0;
			defaultConfigurationName = Release;
		};
		14681FF01BEE792500E6FB8B /* Build configuration list for PBXNativeTarget "trashTalk" */ = {
			isa = XCConfigurationList;
			buildConfigurations = (
				14681FF11BEE792500E6FB8B /* Debug */,
				14681FF21BEE792500E6FB8B /* Release */,
			);
			defaultConfigurationIsVisible = 0;
		};
/* End XCConfigurationList section */
	};
	rootObject = 14681FD61BEE792400E6FB8B /* Project object */;
}
